// !$*UTF8*$!
{
	archiveVersion = 1;
	classes = {
	};
	objectVersion = 50;
	objects = {

/* Begin PBXBuildFile section */
		3A9DB581243CB36400EAAD4A /* AppDelegate.swift in Sources */ = {isa = PBXBuildFile; fileRef = 3A9DB580243CB36400EAAD4A /* AppDelegate.swift */; };
		3A9DB583243CB36400EAAD4A /* SceneDelegate.swift in Sources */ = {isa = PBXBuildFile; fileRef = 3A9DB582243CB36400EAAD4A /* SceneDelegate.swift */; };
		3A9DB585243CB36400EAAD4A /* ViewController.swift in Sources */ = {isa = PBXBuildFile; fileRef = 3A9DB584243CB36400EAAD4A /* ViewController.swift */; };
		3A9DB58A243CB36500EAAD4A /* Assets.xcassets in Resources */ = {isa = PBXBuildFile; fileRef = 3A9DB589243CB36500EAAD4A /* Assets.xcassets */; };
		3A9DB58D243CB36500EAAD4A /* LaunchScreen.storyboard in Resources */ = {isa = PBXBuildFile; fileRef = 3A9DB58B243CB36500EAAD4A /* LaunchScreen.storyboard */; };
		3A9DB59A243CB40F00EAAD4A /* ConvesationsController.swift in Sources */ = {isa = PBXBuildFile; fileRef = 3A9DB599243CB40F00EAAD4A /* ConvesationsController.swift */; };
/* End PBXBuildFile section */

/* Begin PBXFileReference section */
		3A9DB57D243CB36400EAAD4A /* programmatically.app */ = {isa = PBXFileReference; explicitFileType = wrapper.application; includeInIndex = 0; path = programmatically.app; sourceTree = BUILT_PRODUCTS_DIR; };
		3A9DB580243CB36400EAAD4A /* AppDelegate.swift */ = {isa = PBXFileReference; lastKnownFileType = sourcecode.swift; path = AppDelegate.swift; sourceTree = "<group>"; };
		3A9DB582243CB36400EAAD4A /* SceneDelegate.swift */ = {isa = PBXFileReference; lastKnownFileType = sourcecode.swift; path = SceneDelegate.swift; sourceTree = "<group>"; };
		3A9DB584243CB36400EAAD4A /* ViewController.swift */ = {isa = PBXFileReference; lastKnownFileType = sourcecode.swift; path = ViewController.swift; sourceTree = "<group>"; };
		3A9DB589243CB36500EAAD4A /* Assets.xcassets */ = {isa = PBXFileReference; lastKnownFileType = folder.assetcatalog; path = Assets.xcassets; sourceTree = "<group>"; };
		3A9DB58C243CB36500EAAD4A /* Base */ = {isa = PBXFileReference; lastKnownFileType = file.storyboard; name = Base; path = Base.lproj/LaunchScreen.storyboard; sourceTree = "<group>"; };
		3A9DB58E243CB36500EAAD4A /* Info.plist */ = {isa = PBXFileReference; lastKnownFileType = text.plist.xml; path = Info.plist; sourceTree = "<group>"; };
		3A9DB599243CB40F00EAAD4A /* ConvesationsController.swift */ = {isa = PBXFileReference; lastKnownFileType = sourcecode.swift; path = ConvesationsController.swift; sourceTree = "<group>"; };
/* End PBXFileReference section */

/* Begin PBXFrameworksBuildPhase section */
		3A9DB57A243CB36400EAAD4A /* Frameworks */ = {
			isa = PBXFrameworksBuildPhase;
			buildActionMask = 2147483647;
			files = (
			);
			runOnlyForDeploymentPostprocessing = 0;
		};
/* End PBXFrameworksBuildPhase section */

/* Begin PBXGroup section */
		3A9DB574243CB36400EAAD4A = {
			isa = PBXGroup;
			children = (
				3A9DB57F243CB36400EAAD4A /* programmatically */,
				3A9DB57E243CB36400EAAD4A /* Products */,
			);
			sourceTree = "<group>";
		};
		3A9DB57E243CB36400EAAD4A /* Products */ = {
			isa = PBXGroup;
			children = (
				3A9DB57D243CB36400EAAD4A /* programmatically.app */,
			);
			name = Products;
			sourceTree = "<group>";
		};
		3A9DB57F243CB36400EAAD4A /* programmatically */ = {
			isa = PBXGroup;
			children = (
				3A9DB596243CB3E300EAAD4A /* Model */,
				3A9DB597243CB3E900EAAD4A /* ViewModel */,
				3A9DB595243CB3DE00EAAD4A /* View */,
				3A9DB594243CB3C900EAAD4A /* Controller */,
				3A9DB598243CB3F400EAAD4A /* API */,
				3A9DB580243CB36400EAAD4A /* AppDelegate.swift */,
				3A9DB582243CB36400EAAD4A /* SceneDelegate.swift */,
				3A9DB584243CB36400EAAD4A /* ViewController.swift */,
				3A9DB589243CB36500EAAD4A /* Assets.xcassets */,
				3A9DB58B243CB36500EAAD4A /* LaunchScreen.storyboard */,
				3A9DB58E243CB36500EAAD4A /* Info.plist */,
			);
			path = programmatically;
			sourceTree = "<group>";
		};
		3A9DB594243CB3C900EAAD4A /* Controller */ = {
			isa = PBXGroup;
			children = (
				3A9DB599243CB40F00EAAD4A /* ConvesationsController.swift */,
			);
			path = Controller;
			sourceTree = "<group>";
		};
		3A9DB595243CB3DE00EAAD4A /* View */ = {
			isa = PBXGroup;
			children = (
			);
			path = View;
			sourceTree = "<group>";
		};
		3A9DB596243CB3E300EAAD4A /* Model */ = {
			isa = PBXGroup;
			children = (
			);
			path = Model;
			sourceTree = "<group>";
		};
		3A9DB597243CB3E900EAAD4A /* ViewModel */ = {
			isa = PBXGroup;
			children = (
			);
			path = ViewModel;
			sourceTree = "<group>";
		};
		3A9DB598243CB3F400EAAD4A /* API */ = {
			isa = PBXGroup;
			children = (
			);
			path = API;
			sourceTree = "<group>";
		};
/* End PBXGroup section */

/* Begin PBXNativeTarget section */
		3A9DB57C243CB36400EAAD4A /* programmatically */ = {
			isa = PBXNativeTarget;
			buildConfigurationList = 3A9DB591243CB36500EAAD4A /* Build configuration list for PBXNativeTarget "programmatically" */;
			buildPhases = (
				3A9DB579243CB36400EAAD4A /* Sources */,
				3A9DB57A243CB36400EAAD4A /* Frameworks */,
				3A9DB57B243CB36400EAAD4A /* Resources */,
			);
			buildRules = (
			);
			dependencies = (
			);
			name = programmatically;
			productName = programmatically;
			productReference = 3A9DB57D243CB36400EAAD4A /* programmatically.app */;
			productType = "com.apple.product-type.application";
		};
/* End PBXNativeTarget section */

/* Begin PBXProject section */
		3A9DB575243CB36400EAAD4A /* Project object */ = {
			isa = PBXProject;
			attributes = {
				LastSwiftUpdateCheck = 1140;
				LastUpgradeCheck = 1140;
				ORGANIZATIONNAME = "Yuuki sakai";
				TargetAttributes = {
					3A9DB57C243CB36400EAAD4A = {
						CreatedOnToolsVersion = 11.4;
					};
				};
			};
			buildConfigurationList = 3A9DB578243CB36400EAAD4A /* Build configuration list for PBXProject "programmatically" */;
			compatibilityVersion = "Xcode 9.3";
			developmentRegion = en;
			hasScannedForEncodings = 0;
			knownRegions = (
				en,
				Base,
			);
			mainGroup = 3A9DB574243CB36400EAAD4A;
			productRefGroup = 3A9DB57E243CB36400EAAD4A /* Products */;
			projectDirPath = "";
			projectRoot = "";
			targets = (
				3A9DB57C243CB36400EAAD4A /* programmatically */,
			);
		};
/* End PBXProject section */

/* Begin PBXResourcesBuildPhase section */
		3A9DB57B243CB36400EAAD4A /* Resources */ = {
			isa = PBXResourcesBuildPhase;
			buildActionMask = 2147483647;
			files = (
				3A9DB58D243CB36500EAAD4A /* LaunchScreen.storyboard in Resources */,
				3A9DB58A243CB36500EAAD4A /* Assets.xcassets in Resources */,
			);
			runOnlyForDeploymentPostprocessing = 0;
		};
/* End PBXResourcesBuildPhase section */

/* Begin PBXSourcesBuildPhase section */
		3A9DB579243CB36400EAAD4A /* Sources */ = {
			isa = PBXSourcesBuildPhase;
			buildActionMask = 2147483647;
			files = (
				3A9DB585243CB36400EAAD4A /* ViewController.swift in Sources */,
				3A9DB59A243CB40F00EAAD4A /* ConvesationsController.swift in Sources */,
				3A9DB581243CB36400EAAD4A /* AppDelegate.swift in Sources */,
				3A9DB583243CB36400EAAD4A /* SceneDelegate.swift in Sources */,
			);
			runOnlyForDeploymentPostprocessing = 0;
		};
/* End PBXSourcesBuildPhase section */

/* Begin PBXVariantGroup section */
		3A9DB58B243CB36500EAAD4A /* LaunchScreen.storyboard */ = {
			isa = PBXVariantGroup;
			children = (
				3A9DB58C243CB36500EAAD4A /* Base */,
			);
			name = LaunchScreen.storyboard;
			sourceTree = "<group>";
		};
/* End PBXVariantGroup section */

/* Begin XCBuildConfiguration section */
		3A9DB58F243CB36500EAAD4A /* Debug */ = {
			isa = XCBuildConfiguration;
			buildSettings = {
				ALWAYS_SEARCH_USER_PATHS = NO;
				CLANG_ANALYZER_NONNULL = YES;
				CLANG_ANALYZER_NUMBER_OBJECT_CONVERSION = YES_AGGRESSIVE;
				CLANG_CXX_LANGUAGE_STANDARD = "gnu++14";
				CLANG_CXX_LIBRARY = "libc++";
				CLANG_ENABLE_MODULES = YES;
				CLANG_ENABLE_OBJC_ARC = YES;
				CLANG_ENABLE_OBJC_WEAK = YES;
				CLANG_WARN_BLOCK_CAPTURE_AUTORELEASING = YES;
				CLANG_WARN_BOOL_CONVERSION = YES;
				CLANG_WARN_COMMA = YES;
				CLANG_WARN_CONSTANT_CONVERSION = YES;
				CLANG_WARN_DEPRECATED_OBJC_IMPLEMENTATIONS = YES;
				CLANG_WARN_DIRECT_OBJC_ISA_USAGE = YES_ERROR;
				CLANG_WARN_DOCUMENTATION_COMMENTS = YES;
				CLANG_WARN_EMPTY_BODY = YES;
				CLANG_WARN_ENUM_CONVERSION = YES;
				CLANG_WARN_INFINITE_RECURSION = YES;
				CLANG_WARN_INT_CONVERSION = YES;
				CLANG_WARN_NON_LITERAL_NULL_CONVERSION = YES;
				CLANG_WARN_OBJC_IMPLICIT_RETAIN_SELF = YES;
				CLANG_WARN_OBJC_LITERAL_CONVERSION = YES;
				CLANG_WARN_OBJC_ROOT_CLASS = YES_ERROR;
				CLANG_WARN_RANGE_LOOP_ANALYSIS = YES;
				CLANG_WARN_STRICT_PROTOTYPES = YES;
				CLANG_WARN_SUSPICIOUS_MOVE = YES;
				CLANG_WARN_UNGUARDED_AVAILABILITY = YES_AGGRESSIVE;
				CLANG_WARN_UNREACHABLE_CODE = YES;
				CLANG_WARN__DUPLICATE_METHOD_MATCH = YES;
				COPY_PHASE_STRIP = NO;
				DEBUG_INFORMATION_FORMAT = dwarf;
				ENABLE_STRICT_OBJC_MSGSEND = YES;
				ENABLE_TESTABILITY = YES;
				GCC_C_LANGUAGE_STANDARD = gnu11;
				GCC_DYNAMIC_NO_PIC = NO;
				GCC_NO_COMMON_BLOCKS = YES;
				GCC_OPTIMIZATION_LEVEL = 0;
				GCC_PREPROCESSOR_DEFINITIONS = (
					"DEBUG=1",
					"$(inherited)",
				);
				GCC_WARN_64_TO_32_BIT_CONVERSION = YES;
				GCC_WARN_ABOUT_RETURN_TYPE = YES_ERROR;
				GCC_WARN_UNDECLARED_SELECTOR = YES;
				GCC_WARN_UNINITIALIZED_AUTOS = YES_AGGRESSIVE;
				GCC_WARN_UNUSED_FUNCTION = YES;
				GCC_WARN_UNUSED_VARIABLE = YES;
				IPHONEOS_DEPLOYMENT_TARGET = 13.4;
				MTL_ENABLE_DEBUG_INFO = INCLUDE_SOURCE;
				MTL_FAST_MATH = YES;
				ONLY_ACTIVE_ARCH = YES;
				SDKROOT = iphoneos;
				SWIFT_ACTIVE_COMPILATION_CONDITIONS = DEBUG;
				SWIFT_OPTIMIZATION_LEVEL = "-Onone";
			};
			name = Debug;
		};
		3A9DB590243CB36500EAAD4A /* Release */ = {
			isa = XCBuildConfiguration;
			buildSettings = {
				ALWAYS_SEARCH_USER_PATHS = NO;
				CLANG_ANALYZER_NONNULL = YES;
				CLANG_ANALYZER_NUMBER_OBJECT_CONVERSION = YES_AGGRESSIVE;
				CLANG_CXX_LANGUAGE_STANDARD = "gnu++14";
				CLANG_CXX_LIBRARY = "libc++";
				CLANG_ENABLE_MODULES = YES;
				CLANG_ENABLE_OBJC_ARC = YES;
				CLANG_ENABLE_OBJC_WEAK = YES;
				CLANG_WARN_BLOCK_CAPTURE_AUTORELEASING = YES;
				CLANG_WARN_BOOL_CONVERSION = YES;
				CLANG_WARN_COMMA = YES;
				CLANG_WARN_CONSTANT_CONVERSION = YES;
				CLANG_WARN_DEPRECATED_OBJC_IMPLEMENTATIONS = YES;
				CLANG_WARN_DIRECT_OBJC_ISA_USAGE = YES_ERROR;
				CLANG_WARN_DOCUMENTATION_COMMENTS = YES;
				CLANG_WARN_EMPTY_BODY = YES;
				CLANG_WARN_ENUM_CONVERSION = YES;
				CLANG_WARN_INFINITE_RECURSION = YES;
				CLANG_WARN_INT_CONVERSION = YES;
				CLANG_WARN_NON_LITERAL_NULL_CONVERSION = YES;
				CLANG_WARN_OBJC_IMPLICIT_RETAIN_SELF = YES;
				CLANG_WARN_OBJC_LITERAL_CONVERSION = YES;
				CLANG_WARN_OBJC_ROOT_CLASS = YES_ERROR;
				CLANG_WARN_RANGE_LOOP_ANALYSIS = YES;
				CLANG_WARN_STRICT_PROTOTYPES = YES;
				CLANG_WARN_SUSPICIOUS_MOVE = YES;
				CLANG_WARN_UNGUARDED_AVAILABILITY = YES_AGGRESSIVE;
				CLANG_WARN_UNREACHABLE_CODE = YES;
				CLANG_WARN__DUPLICATE_METHOD_MATCH = YES;
				COPY_PHASE_STRIP = NO;
				DEBUG_INFORMATION_FORMAT = "dwarf-with-dsym";
				ENABLE_NS_ASSERTIONS = NO;
				ENABLE_STRICT_OBJC_MSGSEND = YES;
				GCC_C_LANGUAGE_STANDARD = gnu11;
				GCC_NO_COMMON_BLOCKS = YES;
				GCC_WARN_64_TO_32_BIT_CONVERSION = YES;
				GCC_WARN_ABOUT_RETURN_TYPE = YES_ERROR;
				GCC_WARN_UNDECLARED_SELECTOR = YES;
				GCC_WARN_UNINITIALIZED_AUTOS = YES_AGGRESSIVE;
				GCC_WARN_UNUSED_FUNCTION = YES;
				GCC_WARN_UNUSED_VARIABLE = YES;
				IPHONEOS_DEPLOYMENT_TARGET = 13.4;
				MTL_ENABLE_DEBUG_INFO = NO;
				MTL_FAST_MATH = YES;
				SDKROOT = iphoneos;
				SWIFT_COMPILATION_MODE = wholemodule;
				SWIFT_OPTIMIZATION_LEVEL = "-O";
				VALIDATE_PRODUCT = YES;
			};
			name = Release;
		};
		3A9DB592243CB36500EAAD4A /* Debug */ = {
			isa = XCBuildConfiguration;
			buildSettings = {
				ASSETCATALOG_COMPILER_APPICON_NAME = AppIcon;
				CODE_SIGN_STYLE = Automatic;
				DEVELOPMENT_TEAM = 4KJFNVZ8R6;
				INFOPLIST_FILE = programmatically/Info.plist;
				LD_RUNPATH_SEARCH_PATHS = (
					"$(inherited)",
					"@executable_path/Frameworks",
				);
				PRODUCT_BUNDLE_IDENTIFIER = mineo.jp.mac.pop.programmatically;
				PRODUCT_NAME = "$(TARGET_NAME)";
				SWIFT_VERSION = 5.0;
				TARGETED_DEVICE_FAMILY = 1;
			};
			name = Debug;
		};
		3A9DB593243CB36500EAAD4A /* Release */ = {
			isa = XCBuildConfiguration;
			buildSettings = {
				ASSETCATALOG_COMPILER_APPICON_NAME = AppIcon;
				CODE_SIGN_STYLE = Automatic;
				DEVELOPMENT_TEAM = 4KJFNVZ8R6;
				INFOPLIST_FILE = programmatically/Info.plist;
				LD_RUNPATH_SEARCH_PATHS = (
					"$(inherited)",
					"@executable_path/Frameworks",
				);
				PRODUCT_BUNDLE_IDENTIFIER = mineo.jp.mac.pop.programmatically;
				PRODUCT_NAME = "$(TARGET_NAME)";
				SWIFT_VERSION = 5.0;
				TARGETED_DEVICE_FAMILY = 1;
			};
			name = Release;
		};
/* End XCBuildConfiguration section */

/* Begin XCConfigurationList section */
		3A9DB578243CB36400EAAD4A /* Build configuration list for PBXProject "programmatically" */ = {
			isa = XCConfigurationList;
			buildConfigurations = (
				3A9DB58F243CB36500EAAD4A /* Debug */,
				3A9DB590243CB36500EAAD4A /* Release */,
			);
			defaultConfigurationIsVisible = 0;
			defaultConfigurationName = Release;
		};
		3A9DB591243CB36500EAAD4A /* Build configuration list for PBXNativeTarget "programmatically" */ = {
			isa = XCConfigurationList;
			buildConfigurations = (
				3A9DB592243CB36500EAAD4A /* Debug */,
				3A9DB593243CB36500EAAD4A /* Release */,
			);
			defaultConfigurationIsVisible = 0;
			defaultConfigurationName = Release;
		};
/* End XCConfigurationList section */
	};
	rootObject = 3A9DB575243CB36400EAAD4A /* Project object */;
}
